Microsoft Visual Studio Solution File, Format Version 12.00
# Visual Studio Version 17
VisualStudioVersion = 17.13.35931.197
MinimumVisualStudioVersion = 10.0.40219.1
Project("{F184B08F-C81C-45F6-A57F-5ABD9991F28F}") = "Extensions", "Extensions\Extensions.vbproj", "{26C481BC-ADA5-4534-8925-7B0CC51F2DD3}"
EndProject
Project("{2150E333-8FDC-42A3-9474-1A3956D46DE8}") = "Solution Items", "Solution Items", "{02EA681E-C7D8-13C7-8484-4AC65E1B71E8}"
	ProjectSection(SolutionItems) = preProject
		.editorconfig = .editorconfig
		LICENSE.txt = LICENSE.txt
		README.md = README.md
		Vorschl?ge f?r neue Erweiterungsmethoden.md = Vorschl?ge f?r neue Erweiterungsmethoden.md
	EndProjectSection
EndProject
Project("{F184B08F-C81C-45F6-A57F-5ABD9991F28F}") = "ExtensionsDemo", "ExtensionsDemo\ExtensionsDemo.vbproj", "{E5FBCC71-2B9B-43D3-B802-AA4845C7926E}"
EndProject
Global
	GlobalSection(SolutionConfigurationPlatforms) = preSolution
		Debug|Any CPU = Debug|Any CPU
		Release|Any CPU = Release|Any CPU
	EndGlobalSection
	GlobalSection(ProjectConfigurationPlatforms) = postSolution
		{26C481BC-ADA5-4534-8925-7B0CC51F2DD3}.Debug|Any CPU.ActiveCfg = Debug|Any CPU
		{26C481BC-ADA5-4534-8925-7B0CC51F2DD3}.Debug|Any CPU.Build.0 = Debug|Any CPU
		{26C481BC-ADA5-4534-8925-7B0CC51F2DD3}.Release|Any CPU.ActiveCfg = Release|Any CPU
		{26C481BC-ADA5-4534-8925-7B0CC51F2DD3}.Release|Any CPU.Build.0 = Release|Any CPU
		{E5FBCC71-2B9B-43D3-B802-AA4845C7926E}.Debug|Any CPU.ActiveCfg = Debug|Any CPU
		{E5FBCC71-2B9B-43D3-B802-AA4845C7926E}.Debug|Any CPU.Build.0 = Debug|Any CPU
		{E5FBCC71-2B9B-43D3-B802-AA4845C7926E}.Release|Any CPU.ActiveCfg = Release|Any CPU
		{E5FBCC71-2B9B-43D3-B802-AA4845C7926E}.Release|Any CPU.Build.0 = Release|Any CPU
	EndGlobalSection
	GlobalSection(SolutionProperties) = preSolution
		HideSolutionNode = FALSE
	EndGlobalSection
	GlobalSection(ExtensibilityGlobals) = postSolution
		SolutionGuid = {223F9320-B354-4179-A899-575AA9151F03}
	EndGlobalSection
EndGlobal
